
Microsoft Visual Studio Solution File, Format Version 12.00
# Visual Studio Version 17
VisualStudioVersion = 17.8.34408.163
MinimumVisualStudioVersion = 10.0.40219.1
Project("{2150E333-8FDC-42A3-9474-1A3956D46DE8}") = "Services", "Services", "{1D4276D9-6B4A-4DE1-BE02-5119CC30842C}"
EndProject
Project("{2150E333-8FDC-42A3-9474-1A3956D46DE8}") = "Catalog", "Catalog", "{4254539B-5CC5-40BD-87D1-122E1F77640A}"
EndProject
Project("{9A19103F-16F7-4668-BE54-9A1E7A4F7556}") = "Catalog.API", "Services\Catalog\Catalog.API\Catalog.API.csproj", "{2F5D7C05-5C13-4892-B460-2E6CFC3DA0B7}"
EndProject
Project("{2150E333-8FDC-42A3-9474-1A3956D46DE8}") = "BuildingBlocks", "BuildingBlocks", "{8E8684B3-2C61-418A-BCE0-FE759D048F62}"
EndProject
Project("{9A19103F-16F7-4668-BE54-9A1E7A4F7556}") = "BuildingBlocks", "BuildingBlocks\BuildingBlocks\BuildingBlocks.csproj", "{CFD19554-7CC8-43FB-A23A-6F06386C4694}"
EndProject
Project("{E53339B2-1760-4266-BCC7-CA923CBCF16C}") = "docker-compose", "docker-compose.dcproj", "{064A8FAD-FA76-47B1-A8FE-A77580E76E8E}"
EndProject
Project("{2150E333-8FDC-42A3-9474-1A3956D46DE8}") = "Basket", "Basket", "{8D806A71-DEE9-4544-A0A8-80FF8B771CE1}"
EndProject
Project("{9A19103F-16F7-4668-BE54-9A1E7A4F7556}") = "Basket.API", "Services\Basket\Basket.API\Basket.API.csproj", "{17ADB8A4-DA64-4EAE-B887-7E4980237FAD}"
EndProject
Project("{2150E333-8FDC-42A3-9474-1A3956D46DE8}") = "Discount", "Discount", "{49030C82-7C71-4147-9716-578969486011}"
EndProject
Project("{9A19103F-16F7-4668-BE54-9A1E7A4F7556}") = "Discount.Grpc", "Services\Discount\Discount.Grpc\Discount.Grpc.csproj", "{9364D92A-4DCE-44FC-91CB-F9AFBD4081A3}"
EndProject
Project("{2150E333-8FDC-42A3-9474-1A3956D46DE8}") = "Ordering", "Ordering", "{7C575CCB-2CB1-4413-9D96-59C8A493C610}"
EndProject
Project("{9A19103F-16F7-4668-BE54-9A1E7A4F7556}") = "Ordering.API", "Services\Ordering\Ordering.API\Ordering.API.csproj", "{08441635-A8D8-4204-A200-214B220E6B24}"
EndProject
Project("{9A19103F-16F7-4668-BE54-9A1E7A4F7556}") = "Ordering.Domain", "Services\Ordering\Ordering.Domain\Ordering.Domain.csproj", "{51A55EF3-3AC8-4FAD-A23E-A1A79F3C48F8}"
EndProject
Project("{9A19103F-16F7-4668-BE54-9A1E7A4F7556}") = "Ordering.Application", "Services\Ordering\Ordering.Application\Ordering.Application.csproj", "{A8934A76-50BC-4E24-B3C2-2F7A3A76B666}"
EndProject
Project("{9A19103F-16F7-4668-BE54-9A1E7A4F7556}") = "Ordering.Infrastructure", "Services\Ordering\Ordering.Infrastructure\Ordering.Infrastructure.csproj", "{4605814F-4AFF-49D5-9F89-9E1DB193CDD7}"
EndProject
Project("{9A19103F-16F7-4668-BE54-9A1E7A4F7556}") = "BuildingBlocks.Messaging", "BuildingBlocks\BuildingBlocks.Messaging\BuildingBlocks.Messaging.csproj", "{02002D28-491C-4560-BC91-09B777504FE8}"
EndProject
Project("{2150E333-8FDC-42A3-9474-1A3956D46DE8}") = "ApiGateways", "ApiGateways", "{366F7E9D-5226-4BBA-8070-4928C95F366B}"
EndProject
Project("{9A19103F-16F7-4668-BE54-9A1E7A4F7556}") = "YarpApiGateway", "ApiGateways\YarpApiGateway\YarpApiGateway.csproj", "{2870204F-7FDB-43C4-B954-A4794FC66276}"
EndProject
Project("{2150E333-8FDC-42A3-9474-1A3956D46DE8}") = "WebApps", "WebApps", "{D6E52089-B63D-4A20-9A8F-F879AC24B208}"
EndProject
Project("{FAE04EC0-301F-11D3-BF4B-00C04F79EFBC}") = "Shopping.Web", "WebApps\Shopping.Web\Shopping.Web.csproj", "{0F7FF5D6-6C9E-4750-8D81-EA3C896D0FA0}"
EndProject
Global
	GlobalSection(SolutionConfigurationPlatforms) = preSolution
		Debug|Any CPU = Debug|Any CPU
		Release|Any CPU = Release|Any CPU
	EndGlobalSection
	GlobalSection(ProjectConfigurationPlatforms) = postSolution
		{2F5D7C05-5C13-4892-B460-2E6CFC3DA0B7}.Debug|Any CPU.ActiveCfg = Debug|Any CPU
		{2F5D7C05-5C13-4892-B460-2E6CFC3DA0B7}.Debug|Any CPU.Build.0 = Debug|Any CPU
		{2F5D7C05-5C13-4892-B460-2E6CFC3DA0B7}.Release|Any CPU.ActiveCfg = Release|Any CPU
		{2F5D7C05-5C13-4892-B460-2E6CFC3DA0B7}.Release|Any CPU.Build.0 = Release|Any CPU
		{CFD19554-7CC8-43FB-A23A-6F06386C4694}.Debug|Any CPU.ActiveCfg = Debug|Any CPU
		{CFD19554-7CC8-43FB-A23A-6F06386C4694}.Debug|Any CPU.Build.0 = Debug|Any CPU
		{CFD19554-7CC8-43FB-A23A-6F06386C4694}.Release|Any CPU.ActiveCfg = Release|Any CPU
		{CFD19554-7CC8-43FB-A23A-6F06386C4694}.Release|Any CPU.Build.0 = Release|Any CPU
		{064A8FAD-FA76-47B1-A8FE-A77580E76E8E}.Debug|Any CPU.ActiveCfg = Debug|Any CPU
		{064A8FAD-FA76-47B1-A8FE-A77580E76E8E}.Debug|Any CPU.Build.0 = Debug|Any CPU
		{064A8FAD-FA76-47B1-A8FE-A77580E76E8E}.Release|Any CPU.ActiveCfg = Release|Any CPU
		{064A8FAD-FA76-47B1-A8FE-A77580E76E8E}.Release|Any CPU.Build.0 = Release|Any CPU
		{17ADB8A4-DA64-4EAE-B887-7E4980237FAD}.Debug|Any CPU.ActiveCfg = Debug|Any CPU
		{17ADB8A4-DA64-4EAE-B887-7E4980237FAD}.Debug|Any CPU.Build.0 = Debug|Any CPU
		{17ADB8A4-DA64-4EAE-B887-7E4980237FAD}.Release|Any CPU.ActiveCfg = Release|Any CPU
		{17ADB8A4-DA64-4EAE-B887-7E4980237FAD}.Release|Any CPU.Build.0 = Release|Any CPU
		{9364D92A-4DCE-44FC-91CB-F9AFBD4081A3}.Debug|Any CPU.ActiveCfg = Debug|Any CPU
		{9364D92A-4DCE-44FC-91CB-F9AFBD4081A3}.Debug|Any CPU.Build.0 = Debug|Any CPU
		{9364D92A-4DCE-44FC-91CB-F9AFBD4081A3}.Release|Any CPU.ActiveCfg = Release|Any CPU
		{9364D92A-4DCE-44FC-91CB-F9AFBD4081A3}.Release|Any CPU.Build.0 = Release|Any CPU
		{08441635-A8D8-4204-A200-214B220E6B24}.Debug|Any CPU.ActiveCfg = Debug|Any CPU
		{08441635-A8D8-4204-A200-214B220E6B24}.Debug|Any CPU.Build.0 = Debug|Any CPU
		{08441635-A8D8-4204-A200-214B220E6B24}.Release|Any CPU.ActiveCfg = Release|Any CPU
		{08441635-A8D8-4204-A200-214B220E6B24}.Release|Any CPU.Build.0 = Release|Any CPU
		{51A55EF3-3AC8-4FAD-A23E-A1A79F3C48F8}.Debug|Any CPU.ActiveCfg = Debug|Any CPU
		{51A55EF3-3AC8-4FAD-A23E-A1A79F3C48F8}.Debug|Any CPU.Build.0 = Debug|Any CPU
		{51A55EF3-3AC8-4FAD-A23E-A1A79F3C48F8}.Release|Any CPU.ActiveCfg = Release|Any CPU
		{51A55EF3-3AC8-4FAD-A23E-A1A79F3C48F8}.Release|Any CPU.Build.0 = Release|Any CPU
		{A8934A76-50BC-4E24-B3C2-2F7A3A76B666}.Debug|Any CPU.ActiveCfg = Debug|Any CPU
		{A8934A76-50BC-4E24-B3C2-2F7A3A76B666}.Debug|Any CPU.Build.0 = Debug|Any CPU
		{A8934A76-50BC-4E24-B3C2-2F7A3A76B666}.Release|Any CPU.ActiveCfg = Release|Any CPU
		{A8934A76-50BC-4E24-B3C2-2F7A3A76B666}.Release|Any CPU.Build.0 = Release|Any CPU
		{4605814F-4AFF-49D5-9F89-9E1DB193CDD7}.Debug|Any CPU.ActiveCfg = Debug|Any CPU
		{4605814F-4AFF-49D5-9F89-9E1DB193CDD7}.Debug|Any CPU.Build.0 = Debug|Any CPU
		{4605814F-4AFF-49D5-9F89-9E1DB193CDD7}.Release|Any CPU.ActiveCfg = Release|Any CPU
		{4605814F-4AFF-49D5-9F89-9E1DB193CDD7}.Release|Any CPU.Build.0 = Release|Any CPU
		{02002D28-491C-4560-BC91-09B777504FE8}.Debug|Any CPU.ActiveCfg = Debug|Any CPU
		{02002D28-491C-4560-BC91-09B777504FE8}.Debug|Any CPU.Build.0 = Debug|Any CPU
		{02002D28-491C-4560-BC91-09B777504FE8}.Release|Any CPU.ActiveCfg = Release|Any CPU
		{02002D28-491C-4560-BC91-09B777504FE8}.Release|Any CPU.Build.0 = Release|Any CPU
		{2870204F-7FDB-43C4-B954-A4794FC66276}.Debug|Any CPU.ActiveCfg = Debug|Any CPU
		{2870204F-7FDB-43C4-B954-A4794FC66276}.Debug|Any CPU.Build.0 = Debug|Any CPU
		{2870204F-7FDB-43C4-B954-A4794FC66276}.Release|Any CPU.ActiveCfg = Release|Any CPU
		{2870204F-7FDB-43C4-B954-A4794FC66276}.Release|Any CPU.Build.0 = Release|Any CPU
		{0F7FF5D6-6C9E-4750-8D81-EA3C896D0FA0}.Debug|Any CPU.ActiveCfg = Debug|Any CPU
		{0F7FF5D6-6C9E-4750-8D81-EA3C896D0FA0}.Debug|Any CPU.Build.0 = Debug|Any CPU
		{0F7FF5D6-6C9E-4750-8D81-EA3C896D0FA0}.Release|Any CPU.ActiveCfg = Release|Any CPU
		{0F7FF5D6-6C9E-4750-8D81-EA3C896D0FA0}.Release|Any CPU.Build.0 = Release|Any CPU
	EndGlobalSection
	GlobalSection(SolutionProperties) = preSolution
		HideSolutionNode = FALSE
	EndGlobalSection
	GlobalSection(NestedProjects) = preSolution
		{4254539B-5CC5-40BD-87D1-122E1F77640A} = {1D4276D9-6B4A-4DE1-BE02-5119CC30842C}
		{2F5D7C05-5C13-4892-B460-2E6CFC3DA0B7} = {4254539B-5CC5-40BD-87D1-122E1F77640A}
		{CFD19554-7CC8-43FB-A23A-6F06386C4694} = {8E8684B3-2C61-418A-BCE0-FE759D048F62}
		{8D806A71-DEE9-4544-A0A8-80FF8B771CE1} = {1D4276D9-6B4A-4DE1-BE02-5119CC30842C}
		{17ADB8A4-DA64-4EAE-B887-7E4980237FAD} = {8D806A71-DEE9-4544-A0A8-80FF8B771CE1}
		{49030C82-7C71-4147-9716-578969486011} = {1D4276D9-6B4A-4DE1-BE02-5119CC30842C}
		{9364D92A-4DCE-44FC-91CB-F9AFBD4081A3} = {49030C82-7C71-4147-9716-578969486011}
		{7C575CCB-2CB1-4413-9D96-59C8A493C610} = {1D4276D9-6B4A-4DE1-BE02-5119CC30842C}
		{08441635-A8D8-4204-A200-214B220E6B24} = {7C575CCB-2CB1-4413-9D96-59C8A493C610}
		{51A55EF3-3AC8-4FAD-A23E-A1A79F3C48F8} = {7C575CCB-2CB1-4413-9D96-59C8A493C610}
		{A8934A76-50BC-4E24-B3C2-2F7A3A76B666} = {7C575CCB-2CB1-4413-9D96-59C8A493C610}
		{4605814F-4AFF-49D5-9F89-9E1DB193CDD7} = {7C575CCB-2CB1-4413-9D96-59C8A493C610}
		{02002D28-491C-4560-BC91-09B777504FE8} = {8E8684B3-2C61-418A-BCE0-FE759D048F62}
		{2870204F-7FDB-43C4-B954-A4794FC66276} = {366F7E9D-5226-4BBA-8070-4928C95F366B}
		{0F7FF5D6-6C9E-4750-8D81-EA3C896D0FA0} = {D6E52089-B63D-4A20-9A8F-F879AC24B208}
	EndGlobalSection
	GlobalSection(ExtensibilityGlobals) = postSolution
		SolutionGuid = {29BCDE24-6B25-466A-9A72-6A99F77660AF}
	EndGlobalSection
EndGlobal
